// !$*UTF8*$!
{
	archiveVersion = 1;
	classes = {
	};
	objectVersion = 77;
	objects = {

/* Begin PBXBuildFile section */
		897A8FC92D98661800CA1216 /* AppDelegate.swift in Sources */ = {isa = PBXBuildFile; fileRef = 897A8FBE2D98661800CA1216 /* AppDelegate.swift */; };
		897A8FCA2D98661800CA1216 /* Constants.swift in Sources */ = {isa = PBXBuildFile; fileRef = 897A8FBF2D98661800CA1216 /* Constants.swift */; };
		897A8FCC2D98661800CA1216 /* Assets.xcassets in Resources */ = {isa = PBXBuildFile; fileRef = 897A8FC12D98661800CA1216 /* Assets.xcassets */; };
		897A8FCE2D98661800CA1216 /* LaunchScreen.storyboard in Resources */ = {isa = PBXBuildFile; fileRef = 897A8FC42D98661800CA1216 /* LaunchScreen.storyboard */; };
		897A8FCF2D98661800CA1216 /* Main.storyboard in Resources */ = {isa = PBXBuildFile; fileRef = 897A8FC62D98661800CA1216 /* Main.storyboard */; };
		897A8FD12D9866D000CA1216 /* UserListProtocols.swift in Sources */ = {isa = PBXBuildFile; fileRef = 897A8FD02D9866D000CA1216 /* UserListProtocols.swift */; };
		897A8FD52D9868A500CA1216 /* ListVC.swift in Sources */ = {isa = PBXBuildFile; fileRef = 897A8FD42D9868A500CA1216 /* ListVC.swift */; };
		897A8FD72D9868BD00CA1216 /* UserDetailVC.swift in Sources */ = {isa = PBXBuildFile; fileRef = 897A8FD62D9868BD00CA1216 /* UserDetailVC.swift */; };
		897A8FDA2D9868D500CA1216 /* CellList.swift in Sources */ = {isa = PBXBuildFile; fileRef = 897A8FD82D9868D500CA1216 /* CellList.swift */; };
		897A8FDB2D9868D500CA1216 /* CellList.xib in Resources */ = {isa = PBXBuildFile; fileRef = 897A8FD92D9868D500CA1216 /* CellList.xib */; };
		897A8FDD2D98695800CA1216 /* UserListRouter.swift in Sources */ = {isa = PBXBuildFile; fileRef = 897A8FDC2D98695800CA1216 /* UserListRouter.swift */; };
		89ACD00E1DE945BFC0E3B131 /* Pods_user_app.framework in Frameworks */ = {isa = PBXBuildFile; fileRef = 7942B45C2526BDBFBA71A36E /* Pods_user_app.framework */; };
		89FAF7F12D98D842001838CA /* UserListModel.swift in Sources */ = {isa = PBXBuildFile; fileRef = 89FAF7F02D98D842001838CA /* UserListModel.swift */; };
		89FAF7F32D98DA6B001838CA /* UserListInteractor.swift in Sources */ = {isa = PBXBuildFile; fileRef = 89FAF7F22D98DA6B001838CA /* UserListInteractor.swift */; };
		89FAF7F52D98EC8F001838CA /* UserListPresenter.swift in Sources */ = {isa = PBXBuildFile; fileRef = 89FAF7F42D98EC8F001838CA /* UserListPresenter.swift */; };
		89FAF7FF2D991060001838CA /* UserDetailRouter.swift in Sources */ = {isa = PBXBuildFile; fileRef = 89FAF7FE2D991060001838CA /* UserDetailRouter.swift */; };
		89FAF8012D991096001838CA /* UserDetailProtocols.swift in Sources */ = {isa = PBXBuildFile; fileRef = 89FAF8002D991096001838CA /* UserDetailProtocols.swift */; };
		89FAF8032D9920C5001838CA /* UserDetailPresenter.swift in Sources */ = {isa = PBXBuildFile; fileRef = 89FAF8022D9920C5001838CA /* UserDetailPresenter.swift */; };
		89FAF8052D993B09001838CA /* UserDetailInteractor.swift in Sources */ = {isa = PBXBuildFile; fileRef = 89FAF8042D993B09001838CA /* UserDetailInteractor.swift */; };
/* End PBXBuildFile section */

/* Begin PBXFileReference section */
		56BDC7FA33303CC9569F4CC4 /* Pods-user-app.release.xcconfig */ = {isa = PBXFileReference; includeInIndex = 1; lastKnownFileType = text.xcconfig; name = "Pods-user-app.release.xcconfig"; path = "Target Support Files/Pods-user-app/Pods-user-app.release.xcconfig"; sourceTree = "<group>"; };
		7942B45C2526BDBFBA71A36E /* Pods_user_app.framework */ = {isa = PBXFileReference; explicitFileType = wrapper.framework; includeInIndex = 0; path = Pods_user_app.framework; sourceTree = BUILT_PRODUCTS_DIR; };
		897A8F932D98647D00CA1216 /* user-app.app */ = {isa = PBXFileReference; explicitFileType = wrapper.application; includeInIndex = 0; path = "user-app.app"; sourceTree = BUILT_PRODUCTS_DIR; };
		897A8FBE2D98661800CA1216 /* AppDelegate.swift */ = {isa = PBXFileReference; lastKnownFileType = sourcecode.swift; path = AppDelegate.swift; sourceTree = "<group>"; };
		897A8FBF2D98661800CA1216 /* Constants.swift */ = {isa = PBXFileReference; lastKnownFileType = sourcecode.swift; path = Constants.swift; sourceTree = "<group>"; };
		897A8FC12D98661800CA1216 /* Assets.xcassets */ = {isa = PBXFileReference; lastKnownFileType = folder.assetcatalog; path = Assets.xcassets; sourceTree = "<group>"; };
		897A8FC22D98661800CA1216 /* Info.plist */ = {isa = PBXFileReference; lastKnownFileType = text.plist.xml; path = Info.plist; sourceTree = "<group>"; };
		897A8FC32D98661800CA1216 /* Base */ = {isa = PBXFileReference; lastKnownFileType = file.storyboard; name = Base; path = Base.lproj/LaunchScreen.storyboard; sourceTree = "<group>"; };
		897A8FC52D98661800CA1216 /* Base */ = {isa = PBXFileReference; lastKnownFileType = file.storyboard; name = Base; path = Base.lproj/Main.storyboard; sourceTree = "<group>"; };
		897A8FD02D9866D000CA1216 /* UserListProtocols.swift */ = {isa = PBXFileReference; lastKnownFileType = sourcecode.swift; path = UserListProtocols.swift; sourceTree = "<group>"; };
		897A8FD42D9868A500CA1216 /* ListVC.swift */ = {isa = PBXFileReference; lastKnownFileType = sourcecode.swift; path = ListVC.swift; sourceTree = "<group>"; };
		897A8FD62D9868BD00CA1216 /* UserDetailVC.swift */ = {isa = PBXFileReference; lastKnownFileType = sourcecode.swift; path = UserDetailVC.swift; sourceTree = "<group>"; };
		897A8FD82D9868D500CA1216 /* CellList.swift */ = {isa = PBXFileReference; lastKnownFileType = sourcecode.swift; path = CellList.swift; sourceTree = "<group>"; };
		897A8FD92D9868D500CA1216 /* CellList.xib */ = {isa = PBXFileReference; lastKnownFileType = file.xib; path = CellList.xib; sourceTree = "<group>"; };
		897A8FDC2D98695800CA1216 /* UserListRouter.swift */ = {isa = PBXFileReference; lastKnownFileType = sourcecode.swift; path = UserListRouter.swift; sourceTree = "<group>"; };
		89FAF7F02D98D842001838CA /* UserListModel.swift */ = {isa = PBXFileReference; lastKnownFileType = sourcecode.swift; path = UserListModel.swift; sourceTree = "<group>"; };
		89FAF7F22D98DA6B001838CA /* UserListInteractor.swift */ = {isa = PBXFileReference; lastKnownFileType = sourcecode.swift; path = UserListInteractor.swift; sourceTree = "<group>"; };
		89FAF7F42D98EC8F001838CA /* UserListPresenter.swift */ = {isa = PBXFileReference; lastKnownFileType = sourcecode.swift; path = UserListPresenter.swift; sourceTree = "<group>"; };
		89FAF7FE2D991060001838CA /* UserDetailRouter.swift */ = {isa = PBXFileReference; lastKnownFileType = sourcecode.swift; path = UserDetailRouter.swift; sourceTree = "<group>"; };
		89FAF8002D991096001838CA /* UserDetailProtocols.swift */ = {isa = PBXFileReference; lastKnownFileType = sourcecode.swift; path = UserDetailProtocols.swift; sourceTree = "<group>"; };
		89FAF8022D9920C5001838CA /* UserDetailPresenter.swift */ = {isa = PBXFileReference; lastKnownFileType = sourcecode.swift; path = UserDetailPresenter.swift; sourceTree = "<group>"; };
		89FAF8042D993B09001838CA /* UserDetailInteractor.swift */ = {isa = PBXFileReference; lastKnownFileType = sourcecode.swift; path = UserDetailInteractor.swift; sourceTree = "<group>"; };
		95C10A24B6FF6DEDDB5D9AB6 /* Pods-user-app.debug.xcconfig */ = {isa = PBXFileReference; includeInIndex = 1; lastKnownFileType = text.xcconfig; name = "Pods-user-app.debug.xcconfig"; path = "Target Support Files/Pods-user-app/Pods-user-app.debug.xcconfig"; sourceTree = "<group>"; };
/* End PBXFileReference section */

/* Begin PBXFrameworksBuildPhase section */
		897A8F902D98647D00CA1216 /* Frameworks */ = {
			isa = PBXFrameworksBuildPhase;
			buildActionMask = 2147483647;
			files = (
				89ACD00E1DE945BFC0E3B131 /* Pods_user_app.framework in Frameworks */,
			);
			runOnlyForDeploymentPostprocessing = 0;
		};
/* End PBXFrameworksBuildPhase section */

/* Begin PBXGroup section */
		31A90B7FB779F492B02013D3 /* Frameworks */ = {
			isa = PBXGroup;
			children = (
				7942B45C2526BDBFBA71A36E /* Pods_user_app.framework */,
			);
			name = Frameworks;
			sourceTree = "<group>";
		};
		897A8F8A2D98647D00CA1216 = {
			isa = PBXGroup;
			children = (
				897A8FC82D98661800CA1216 /* user-app */,
				897A8F942D98647D00CA1216 /* Products */,
				F73448D096EAE1255B38EE27 /* Pods */,
				31A90B7FB779F492B02013D3 /* Frameworks */,
			);
			sourceTree = "<group>";
		};
		897A8F942D98647D00CA1216 /* Products */ = {
			isa = PBXGroup;
			children = (
				897A8F932D98647D00CA1216 /* user-app.app */,
			);
			name = Products;
			sourceTree = "<group>";
		};
		897A8FB62D98661800CA1216 /* Entity */ = {
			isa = PBXGroup;
			children = (
				89FAF7F02D98D842001838CA /* UserListModel.swift */,
			);
			path = Entity;
			sourceTree = "<group>";
		};
		897A8FB72D98661800CA1216 /* Interactor */ = {
			isa = PBXGroup;
			children = (
				89FAF7F22D98DA6B001838CA /* UserListInteractor.swift */,
			);
			path = Interactor;
			sourceTree = "<group>";
		};
		897A8FB82D98661800CA1216 /* Presenter */ = {
			isa = PBXGroup;
			children = (
				89FAF7F42D98EC8F001838CA /* UserListPresenter.swift */,
			);
			path = Presenter;
			sourceTree = "<group>";
		};
		897A8FB92D98661800CA1216 /* Protocols */ = {
			isa = PBXGroup;
			children = (
				897A8FD02D9866D000CA1216 /* UserListProtocols.swift */,
			);
			path = Protocols;
			sourceTree = "<group>";
		};
		897A8FBA2D98661800CA1216 /* Route */ = {
			isa = PBXGroup;
			children = (
				897A8FDC2D98695800CA1216 /* UserListRouter.swift */,
			);
			path = Route;
			sourceTree = "<group>";
		};
		897A8FBB2D98661800CA1216 /* View */ = {
			isa = PBXGroup;
			children = (
				897A8FD22D98687F00CA1216 /* Cells */,
				897A8FD32D98688600CA1216 /* Controllers */,
			);
			path = View;
			sourceTree = "<group>";
		};
		897A8FBC2D98661800CA1216 /* List */ = {
			isa = PBXGroup;
			children = (
				897A8FBB2D98661800CA1216 /* View */,
				897A8FB72D98661800CA1216 /* Interactor */,
				897A8FB82D98661800CA1216 /* Presenter */,
				897A8FB62D98661800CA1216 /* Entity */,
				897A8FBA2D98661800CA1216 /* Route */,
				897A8FB92D98661800CA1216 /* Protocols */,
			);
			path = List;
			sourceTree = "<group>";
		};
		897A8FBD2D98661800CA1216 /* Modules */ = {
			isa = PBXGroup;
			children = (
				89FAF7F62D990CDB001838CA /* Detail */,
				897A8FBC2D98661800CA1216 /* List */,
			);
			path = Modules;
			sourceTree = "<group>";
		};
		897A8FC02D98661800CA1216 /* SupportingFiles */ = {
			isa = PBXGroup;
			children = (
				897A8FBE2D98661800CA1216 /* AppDelegate.swift */,
				897A8FBF2D98661800CA1216 /* Constants.swift */,
			);
			path = SupportingFiles;
			sourceTree = "<group>";
		};
		897A8FC82D98661800CA1216 /* user-app */ = {
			isa = PBXGroup;
			children = (
				897A8FC02D98661800CA1216 /* SupportingFiles */,
				897A8FBD2D98661800CA1216 /* Modules */,
				897A8FC12D98661800CA1216 /* Assets.xcassets */,
				897A8FC22D98661800CA1216 /* Info.plist */,
				897A8FC42D98661800CA1216 /* LaunchScreen.storyboard */,
				897A8FC62D98661800CA1216 /* Main.storyboard */,
			);
			path = "user-app";
			sourceTree = "<group>";
		};
		897A8FD22D98687F00CA1216 /* Cells */ = {
			isa = PBXGroup;
			children = (
				897A8FD82D9868D500CA1216 /* CellList.swift */,
				897A8FD92D9868D500CA1216 /* CellList.xib */,
			);
			path = Cells;
			sourceTree = "<group>";
		};
		897A8FD32D98688600CA1216 /* Controllers */ = {
			isa = PBXGroup;
			children = (
				897A8FD42D9868A500CA1216 /* ListVC.swift */,
			);
			path = Controllers;
			sourceTree = "<group>";
		};
		89FAF7F62D990CDB001838CA /* Detail */ = {
			isa = PBXGroup;
			children = (
				89FAF7F72D990CEB001838CA /* View */,
				89FAF7F82D990CF2001838CA /* Interactor */,
				89FAF7F92D990CFA001838CA /* Presenter */,
				89FAF7FB2D990D0A001838CA /* Route */,
				89FAF7FC2D990D11001838CA /* Protocols */,
			);
			path = Detail;
			sourceTree = "<group>";
		};
		89FAF7F72D990CEB001838CA /* View */ = {
			isa = PBXGroup;
			children = (
				89FAF7FD2D990D48001838CA /* Controllers */,
			);
			path = View;
			sourceTree = "<group>";
		};
		89FAF7F82D990CF2001838CA /* Interactor */ = {
			isa = PBXGroup;
			children = (
				89FAF8042D993B09001838CA /* UserDetailInteractor.swift */,
			);
			path = Interactor;
			sourceTree = "<group>";
		};
		89FAF7F92D990CFA001838CA /* Presenter */ = {
			isa = PBXGroup;
			children = (
				89FAF8022D9920C5001838CA /* UserDetailPresenter.swift */,
			);
			path = Presenter;
			sourceTree = "<group>";
		};
		89FAF7FB2D990D0A001838CA /* Route */ = {
			isa = PBXGroup;
			children = (
				89FAF7FE2D991060001838CA /* UserDetailRouter.swift */,
			);
			path = Route;
			sourceTree = "<group>";
		};
		89FAF7FC2D990D11001838CA /* Protocols */ = {
			isa = PBXGroup;
			children = (
				89FAF8002D991096001838CA /* UserDetailProtocols.swift */,
			);
			path = Protocols;
			sourceTree = "<group>";
		};
		89FAF7FD2D990D48001838CA /* Controllers */ = {
			isa = PBXGroup;
			children = (
				897A8FD62D9868BD00CA1216 /* UserDetailVC.swift */,
			);
			path = Controllers;
			sourceTree = "<group>";
		};
		F73448D096EAE1255B38EE27 /* Pods */ = {
			isa = PBXGroup;
			children = (
				95C10A24B6FF6DEDDB5D9AB6 /* Pods-user-app.debug.xcconfig */,
				56BDC7FA33303CC9569F4CC4 /* Pods-user-app.release.xcconfig */,
			);
			path = Pods;
			sourceTree = "<group>";
		};
/* End PBXGroup section */

/* Begin PBXNativeTarget section */
		897A8F922D98647D00CA1216 /* user-app */ = {
			isa = PBXNativeTarget;
			buildConfigurationList = 897A8FA62D98647E00CA1216 /* Build configuration list for PBXNativeTarget "user-app" */;
			buildPhases = (
				A7C933C917C518E6B541DC1B /* [CP] Check Pods Manifest.lock */,
				897A8F8F2D98647D00CA1216 /* Sources */,
				897A8F902D98647D00CA1216 /* Frameworks */,
				897A8F912D98647D00CA1216 /* Resources */,
				144DEF171CB7D0359DED4B02 /* [CP] Embed Pods Frameworks */,
			);
			buildRules = (
			);
			dependencies = (
			);
			name = "user-app";
			productName = "user-app";
			productReference = 897A8F932D98647D00CA1216 /* user-app.app */;
			productType = "com.apple.product-type.application";
		};
/* End PBXNativeTarget section */

/* Begin PBXProject section */
		897A8F8B2D98647D00CA1216 /* Project object */ = {
			isa = PBXProject;
			attributes = {
				BuildIndependentTargetsInParallel = 1;
				LastSwiftUpdateCheck = 1600;
				LastUpgradeCheck = 1600;
				TargetAttributes = {
					897A8F922D98647D00CA1216 = {
						CreatedOnToolsVersion = 16.0;
					};
				};
			};
			buildConfigurationList = 897A8F8E2D98647D00CA1216 /* Build configuration list for PBXProject "user-app" */;
			developmentRegion = en;
			hasScannedForEncodings = 0;
			knownRegions = (
				en,
				Base,
			);
			mainGroup = 897A8F8A2D98647D00CA1216;
			minimizedProjectReferenceProxies = 1;
			preferredProjectObjectVersion = 77;
			productRefGroup = 897A8F942D98647D00CA1216 /* Products */;
			projectDirPath = "";
			projectRoot = "";
			targets = (
				897A8F922D98647D00CA1216 /* user-app */,
			);
		};
/* End PBXProject section */

/* Begin PBXResourcesBuildPhase section */
		897A8F912D98647D00CA1216 /* Resources */ = {
			isa = PBXResourcesBuildPhase;
			buildActionMask = 2147483647;
			files = (
				897A8FCC2D98661800CA1216 /* Assets.xcassets in Resources */,
				897A8FDB2D9868D500CA1216 /* CellList.xib in Resources */,
				897A8FCE2D98661800CA1216 /* LaunchScreen.storyboard in Resources */,
				897A8FCF2D98661800CA1216 /* Main.storyboard in Resources */,
			);
			runOnlyForDeploymentPostprocessing = 0;
		};
/* End PBXResourcesBuildPhase section */

/* Begin PBXShellScriptBuildPhase section */
		144DEF171CB7D0359DED4B02 /* [CP] Embed Pods Frameworks */ = {
			isa = PBXShellScriptBuildPhase;
			buildActionMask = 2147483647;
			files = (
			);
			inputFileListPaths = (
				"${PODS_ROOT}/Target Support Files/Pods-user-app/Pods-user-app-frameworks-${CONFIGURATION}-input-files.xcfilelist",
			);
			name = "[CP] Embed Pods Frameworks";
			outputFileListPaths = (
				"${PODS_ROOT}/Target Support Files/Pods-user-app/Pods-user-app-frameworks-${CONFIGURATION}-output-files.xcfilelist",
			);
			runOnlyForDeploymentPostprocessing = 0;
			shellPath = /bin/sh;
			shellScript = "\"${PODS_ROOT}/Target Support Files/Pods-user-app/Pods-user-app-frameworks.sh\"\n";
			showEnvVarsInLog = 0;
		};
		A7C933C917C518E6B541DC1B /* [CP] Check Pods Manifest.lock */ = {
			isa = PBXShellScriptBuildPhase;
			buildActionMask = 2147483647;
			files = (
			);
			inputFileListPaths = (
			);
			inputPaths = (
				"${PODS_PODFILE_DIR_PATH}/Podfile.lock",
				"${PODS_ROOT}/Manifest.lock",
			);
			name = "[CP] Check Pods Manifest.lock";
			outputFileListPaths = (
			);
			outputPaths = (
				"$(DERIVED_FILE_DIR)/Pods-user-app-checkManifestLockResult.txt",
			);
			runOnlyForDeploymentPostprocessing = 0;
			shellPath = /bin/sh;
			shellScript = "diff \"${PODS_PODFILE_DIR_PATH}/Podfile.lock\" \"${PODS_ROOT}/Manifest.lock\" > /dev/null\nif [ $? != 0 ] ; then\n    # print error to STDERR\n    echo \"error: The sandbox is not in sync with the Podfile.lock. Run 'pod install' or update your CocoaPods installation.\" >&2\n    exit 1\nfi\n# This output is used by Xcode 'outputs' to avoid re-running this script phase.\necho \"SUCCESS\" > \"${SCRIPT_OUTPUT_FILE_0}\"\n";
			showEnvVarsInLog = 0;
		};
/* End PBXShellScriptBuildPhase section */

/* Begin PBXSourcesBuildPhase section */
		897A8F8F2D98647D00CA1216 /* Sources */ = {
			isa = PBXSourcesBuildPhase;
			buildActionMask = 2147483647;
			files = (
				897A8FD52D9868A500CA1216 /* ListVC.swift in Sources */,
				89FAF7F32D98DA6B001838CA /* UserListInteractor.swift in Sources */,
				89FAF8052D993B09001838CA /* UserDetailInteractor.swift in Sources */,
				897A8FC92D98661800CA1216 /* AppDelegate.swift in Sources */,
				89FAF8032D9920C5001838CA /* UserDetailPresenter.swift in Sources */,
				89FAF8012D991096001838CA /* UserDetailProtocols.swift in Sources */,
				89FAF7F12D98D842001838CA /* UserListModel.swift in Sources */,
				897A8FCA2D98661800CA1216 /* Constants.swift in Sources */,
				89FAF7F52D98EC8F001838CA /* UserListPresenter.swift in Sources */,
				897A8FD12D9866D000CA1216 /* UserListProtocols.swift in Sources */,
				89FAF7FF2D991060001838CA /* UserDetailRouter.swift in Sources */,
				897A8FDD2D98695800CA1216 /* UserListRouter.swift in Sources */,
				897A8FD72D9868BD00CA1216 /* UserDetailVC.swift in Sources */,
				897A8FDA2D9868D500CA1216 /* CellList.swift in Sources */,
			);
			runOnlyForDeploymentPostprocessing = 0;
		};
/* End PBXSourcesBuildPhase section */

/* Begin PBXVariantGroup section */
		897A8FC42D98661800CA1216 /* LaunchScreen.storyboard */ = {
			isa = PBXVariantGroup;
			children = (
				897A8FC32D98661800CA1216 /* Base */,
			);
			name = LaunchScreen.storyboard;
			sourceTree = "<group>";
		};
		897A8FC62D98661800CA1216 /* Main.storyboard */ = {
			isa = PBXVariantGroup;
			children = (
				897A8FC52D98661800CA1216 /* Base */,
			);
			name = Main.storyboard;
			sourceTree = "<group>";
		};
/* End PBXVariantGroup section */

/* Begin XCBuildConfiguration section */
		897A8FA72D98647E00CA1216 /* Debug */ = {
			isa = XCBuildConfiguration;
			baseConfigurationReference = 95C10A24B6FF6DEDDB5D9AB6 /* Pods-user-app.debug.xcconfig */;
			buildSettings = {
				ASSETCATALOG_COMPILER_APPICON_NAME = AppIcon;
				ASSETCATALOG_COMPILER_GLOBAL_ACCENT_COLOR_NAME = AccentColor;
				CODE_SIGN_STYLE = Automatic;
				CURRENT_PROJECT_VERSION = 1;
				ENABLE_USER_SCRIPT_SANDBOXING = NO;
				GENERATE_INFOPLIST_FILE = YES;
				INFOPLIST_FILE = "user-app/Info.plist";
				INFOPLIST_KEY_UIApplicationSupportsIndirectInputEvents = YES;
				INFOPLIST_KEY_UILaunchStoryboardName = LaunchScreen;
				INFOPLIST_KEY_UIMainStoryboardFile = Main;
				INFOPLIST_KEY_UISupportedInterfaceOrientations = UIInterfaceOrientationPortrait;
				INFOPLIST_KEY_UISupportedInterfaceOrientations_iPad = "UIInterfaceOrientationLandscapeLeft UIInterfaceOrientationLandscapeRight UIInterfaceOrientationPortrait UIInterfaceOrientationPortraitUpsideDown";
				IPHONEOS_DEPLOYMENT_TARGET = 15.6;
				LD_RUNPATH_SEARCH_PATHS = (
					"$(inherited)",
					"@executable_path/Frameworks",
				);
				MARKETING_VERSION = 1.0;
				PRODUCT_BUNDLE_IDENTIFIER = "com.test.demo.user-app";
				PRODUCT_NAME = "$(TARGET_NAME)";
				SUPPORTED_PLATFORMS = "iphoneos iphonesimulator";
				SUPPORTS_MACCATALYST = NO;
				SUPPORTS_MAC_DESIGNED_FOR_IPHONE_IPAD = NO;
				SUPPORTS_XR_DESIGNED_FOR_IPHONE_IPAD = NO;
				SWIFT_EMIT_LOC_STRINGS = YES;
				SWIFT_VERSION = 5.0;
				TARGETED_DEVICE_FAMILY = 1;
			};
			name = Debug;
		};
		897A8FA82D98647E00CA1216 /* Release */ = {
			isa = XCBuildConfiguration;
			baseConfigurationReference = 56BDC7FA33303CC9569F4CC4 /* Pods-user-app.release.xcconfig */;
			buildSettings = {
				ASSETCATALOG_COMPILER_APPICON_NAME = AppIcon;
				ASSETCATALOG_COMPILER_GLOBAL_ACCENT_COLOR_NAME = AccentColor;
				CODE_SIGN_STYLE = Automatic;
				CURRENT_PROJECT_VERSION = 1;
				ENABLE_USER_SCRIPT_SANDBOXING = NO;
				GENERATE_INFOPLIST_FILE = YES;
				INFOPLIST_FILE = "user-app/Info.plist";
				INFOPLIST_KEY_UIApplicationSupportsIndirectInputEvents = YES;
				INFOPLIST_KEY_UILaunchStoryboardName = LaunchScreen;
				INFOPLIST_KEY_UIMainStoryboardFile = Main;
				INFOPLIST_KEY_UISupportedInterfaceOrientations = UIInterfaceOrientationPortrait;
				INFOPLIST_KEY_UISupportedInterfaceOrientations_iPad = "UIInterfaceOrientationLandscapeLeft UIInterfaceOrientationLandscapeRight UIInterfaceOrientationPortrait UIInterfaceOrientationPortraitUpsideDown";
				IPHONEOS_DEPLOYMENT_TARGET = 15.6;
				LD_RUNPATH_SEARCH_PATHS = (
					"$(inherited)",
					"@executable_path/Frameworks",
				);
				MARKETING_VERSION = 1.0;
				PRODUCT_BUNDLE_IDENTIFIER = "com.test.demo.user-app";
				PRODUCT_NAME = "$(TARGET_NAME)";
				SUPPORTED_PLATFORMS = "iphoneos iphonesimulator";
				SUPPORTS_MACCATALYST = NO;
				SUPPORTS_MAC_DESIGNED_FOR_IPHONE_IPAD = NO;
				SUPPORTS_XR_DESIGNED_FOR_IPHONE_IPAD = NO;
				SWIFT_EMIT_LOC_STRINGS = YES;
				SWIFT_VERSION = 5.0;
				TARGETED_DEVICE_FAMILY = 1;
			};
			name = Release;
		};
		897A8FA92D98647E00CA1216 /* Debug */ = {
			isa = XCBuildConfiguration;
			buildSettings = {
				ALWAYS_SEARCH_USER_PATHS = NO;
				ASSETCATALOG_COMPILER_GENERATE_SWIFT_ASSET_SYMBOL_EXTENSIONS = YES;
				CLANG_ANALYZER_NONNULL = YES;
				CLANG_ANALYZER_NUMBER_OBJECT_CONVERSION = YES_AGGRESSIVE;
				CLANG_CXX_LANGUAGE_STANDARD = "gnu++20";
				CLANG_ENABLE_MODULES = YES;
				CLANG_ENABLE_OBJC_ARC = YES;
				CLANG_ENABLE_OBJC_WEAK = YES;
				CLANG_WARN_BLOCK_CAPTURE_AUTORELEASING = YES;
				CLANG_WARN_BOOL_CONVERSION = YES;
				CLANG_WARN_COMMA = YES;
				CLANG_WARN_CONSTANT_CONVERSION = YES;
				CLANG_WARN_DEPRECATED_OBJC_IMPLEMENTATIONS = YES;
				CLANG_WARN_DIRECT_OBJC_ISA_USAGE = YES_ERROR;
				CLANG_WARN_DOCUMENTATION_COMMENTS = YES;
				CLANG_WARN_EMPTY_BODY = YES;
				CLANG_WARN_ENUM_CONVERSION = YES;
				CLANG_WARN_INFINITE_RECURSION = YES;
				CLANG_WARN_INT_CONVERSION = YES;
				CLANG_WARN_NON_LITERAL_NULL_CONVERSION = YES;
				CLANG_WARN_OBJC_IMPLICIT_RETAIN_SELF = YES;
				CLANG_WARN_OBJC_LITERAL_CONVERSION = YES;
				CLANG_WARN_OBJC_ROOT_CLASS = YES_ERROR;
				CLANG_WARN_QUOTED_INCLUDE_IN_FRAMEWORK_HEADER = YES;
				CLANG_WARN_RANGE_LOOP_ANALYSIS = YES;
				CLANG_WARN_STRICT_PROTOTYPES = YES;
				CLANG_WARN_SUSPICIOUS_MOVE = YES;
				CLANG_WARN_UNGUARDED_AVAILABILITY = YES_AGGRESSIVE;
				CLANG_WARN_UNREACHABLE_CODE = YES;
				CLANG_WARN__DUPLICATE_METHOD_MATCH = YES;
				COPY_PHASE_STRIP = NO;
				DEBUG_INFORMATION_FORMAT = dwarf;
				ENABLE_STRICT_OBJC_MSGSEND = YES;
				ENABLE_TESTABILITY = YES;
				ENABLE_USER_SCRIPT_SANDBOXING = NO;
				GCC_C_LANGUAGE_STANDARD = gnu17;
				GCC_DYNAMIC_NO_PIC = NO;
				GCC_NO_COMMON_BLOCKS = YES;
				GCC_OPTIMIZATION_LEVEL = 0;
				GCC_PREPROCESSOR_DEFINITIONS = (
					"DEBUG=1",
					"$(inherited)",
				);
				GCC_WARN_64_TO_32_BIT_CONVERSION = YES;
				GCC_WARN_ABOUT_RETURN_TYPE = YES_ERROR;
				GCC_WARN_UNDECLARED_SELECTOR = YES;
				GCC_WARN_UNINITIALIZED_AUTOS = YES_AGGRESSIVE;
				GCC_WARN_UNUSED_FUNCTION = YES;
				GCC_WARN_UNUSED_VARIABLE = YES;
				IPHONEOS_DEPLOYMENT_TARGET = 18.0;
				LOCALIZATION_PREFERS_STRING_CATALOGS = YES;
				MTL_ENABLE_DEBUG_INFO = INCLUDE_SOURCE;
				MTL_FAST_MATH = YES;
				ONLY_ACTIVE_ARCH = YES;
				SDKROOT = iphoneos;
				SWIFT_ACTIVE_COMPILATION_CONDITIONS = "DEBUG $(inherited)";
				SWIFT_OPTIMIZATION_LEVEL = "-Onone";
			};
			name = Debug;
		};
		897A8FAA2D98647E00CA1216 /* Release */ = {
			isa = XCBuildConfiguration;
			buildSettings = {
				ALWAYS_SEARCH_USER_PATHS = NO;
				ASSETCATALOG_COMPILER_GENERATE_SWIFT_ASSET_SYMBOL_EXTENSIONS = YES;
				CLANG_ANALYZER_NONNULL = YES;
				CLANG_ANALYZER_NUMBER_OBJECT_CONVERSION = YES_AGGRESSIVE;
				CLANG_CXX_LANGUAGE_STANDARD = "gnu++20";
				CLANG_ENABLE_MODULES = YES;
				CLANG_ENABLE_OBJC_ARC = YES;
				CLANG_ENABLE_OBJC_WEAK = YES;
				CLANG_WARN_BLOCK_CAPTURE_AUTORELEASING = YES;
				CLANG_WARN_BOOL_CONVERSION = YES;
				CLANG_WARN_COMMA = YES;
				CLANG_WARN_CONSTANT_CONVERSION = YES;
				CLANG_WARN_DEPRECATED_OBJC_IMPLEMENTATIONS = YES;
				CLANG_WARN_DIRECT_OBJC_ISA_USAGE = YES_ERROR;
				CLANG_WARN_DOCUMENTATION_COMMENTS = YES;
				CLANG_WARN_EMPTY_BODY = YES;
				CLANG_WARN_ENUM_CONVERSION = YES;
				CLANG_WARN_INFINITE_RECURSION = YES;
				CLANG_WARN_INT_CONVERSION = YES;
				CLANG_WARN_NON_LITERAL_NULL_CONVERSION = YES;
				CLANG_WARN_OBJC_IMPLICIT_RETAIN_SELF = YES;
				CLANG_WARN_OBJC_LITERAL_CONVERSION = YES;
				CLANG_WARN_OBJC_ROOT_CLASS = YES_ERROR;
				CLANG_WARN_QUOTED_INCLUDE_IN_FRAMEWORK_HEADER = YES;
				CLANG_WARN_RANGE_LOOP_ANALYSIS = YES;
				CLANG_WARN_STRICT_PROTOTYPES = YES;
				CLANG_WARN_SUSPICIOUS_MOVE = YES;
				CLANG_WARN_UNGUARDED_AVAILABILITY = YES_AGGRESSIVE;
				CLANG_WARN_UNREACHABLE_CODE = YES;
				CLANG_WARN__DUPLICATE_METHOD_MATCH = YES;
				COPY_PHASE_STRIP = NO;
				DEBUG_INFORMATION_FORMAT = "dwarf-with-dsym";
				ENABLE_NS_ASSERTIONS = NO;
				ENABLE_STRICT_OBJC_MSGSEND = YES;
				ENABLE_USER_SCRIPT_SANDBOXING = NO;
				GCC_C_LANGUAGE_STANDARD = gnu17;
				GCC_NO_COMMON_BLOCKS = YES;
				GCC_WARN_64_TO_32_BIT_CONVERSION = YES;
				GCC_WARN_ABOUT_RETURN_TYPE = YES_ERROR;
				GCC_WARN_UNDECLARED_SELECTOR = YES;
				GCC_WARN_UNINITIALIZED_AUTOS = YES_AGGRESSIVE;
				GCC_WARN_UNUSED_FUNCTION = YES;
				GCC_WARN_UNUSED_VARIABLE = YES;
				IPHONEOS_DEPLOYMENT_TARGET = 18.0;
				LOCALIZATION_PREFERS_STRING_CATALOGS = YES;
				MTL_ENABLE_DEBUG_INFO = NO;
				MTL_FAST_MATH = YES;
				SDKROOT = iphoneos;
				SWIFT_COMPILATION_MODE = wholemodule;
				VALIDATE_PRODUCT = YES;
			};
			name = Release;
		};
/* End XCBuildConfiguration section */

/* Begin XCConfigurationList section */
		897A8F8E2D98647D00CA1216 /* Build configuration list for PBXProject "user-app" */ = {
			isa = XCConfigurationList;
			buildConfigurations = (
				897A8FA92D98647E00CA1216 /* Debug */,
				897A8FAA2D98647E00CA1216 /* Release */,
			);
			defaultConfigurationIsVisible = 0;
			defaultConfigurationName = Release;
		};
		897A8FA62D98647E00CA1216 /* Build configuration list for PBXNativeTarget "user-app" */ = {
			isa = XCConfigurationList;
			buildConfigurations = (
				897A8FA72D98647E00CA1216 /* Debug */,
				897A8FA82D98647E00CA1216 /* Release */,
			);
			defaultConfigurationIsVisible = 0;
			defaultConfigurationName = Release;
		};
/* End XCConfigurationList section */
	};
	rootObject = 897A8F8B2D98647D00CA1216 /* Project object */;
}
